
Microsoft Visual Studio Solution File, Format Version 12.00
# Visual Studio Version 17
VisualStudioVersion = 17.4.33122.133
MinimumVisualStudioVersion = 10.0.40219.1
Project("{FAE04EC0-301F-11D3-BF4B-00C04F79EFBC}") = "BotTelegramConnect", "BotTelegramConnect.csproj", "{7450DAE9-654B-46DB-A431-9BB255EA3379}"
EndProject
Global
	GlobalSection(SolutionConfigurationPlatforms) = preSolution
		Debug|Any CPU = Debug|Any CPU
		Release|Any CPU = Release|Any CPU
	EndGlobalSection
	GlobalSection(ProjectConfigurationPlatforms) = postSolution
		{7450DAE9-654B-46DB-A431-9BB255EA3379}.Debug|Any CPU.ActiveCfg = Debug|Any CPU
		{7450DAE9-654B-46DB-A431-9BB255EA3379}.Debug|Any CPU.Build.0 = Debug|Any CPU
		{7450DAE9-654B-46DB-A431-9BB255EA3379}.Release|Any CPU.ActiveCfg = Release|Any CPU
		{7450DAE9-654B-46DB-A431-9BB255EA3379}.Release|Any CPU.Build.0 = Release|Any CPU
	EndGlobalSection
	GlobalSection(SolutionProperties) = preSolution
		HideSolutionNode = FALSE
	EndGlobalSection
	GlobalSection(ExtensibilityGlobals) = postSolution
		SolutionGuid = {F5F89C3D-1701-43F0-80E7-E33EA56A215A}
	EndGlobalSection
EndGlobal
